
Microsoft Visual Studio Solution File, Format Version 12.00
# Visual Studio Version 17
VisualStudioVersion = 17.0.31903.59
MinimumVisualStudioVersion = 10.0.40219.1
Project("{FAE04EC0-301F-11D3-BF4B-00C04F79EFBC}") = "ClientApp", "ClientApp\ClientApp.csproj", "{82B0CF52-F019-419F-88B8-801DC5987DDA}"
EndProject
Project("{FAE04EC0-301F-11D3-BF4B-00C04F79EFBC}") = "ServerApp", "ServerApp\ServerApp.csproj", "{F196E08E-8921-4421-9213-1D2136B5686F}"
EndProject
Global
	GlobalSection(SolutionConfigurationPlatforms) = preSolution
		Debug|Any CPU = Debug|Any CPU
		Release|Any CPU = Release|Any CPU
	EndGlobalSection
	GlobalSection(SolutionProperties) = preSolution
		HideSolutionNode = FALSE
	EndGlobalSection
	GlobalSection(ProjectConfigurationPlatforms) = postSolution
		{82B0CF52-F019-419F-88B8-801DC5987DDA}.Debug|Any CPU.ActiveCfg = Debug|Any CPU
		{82B0CF52-F019-419F-88B8-801DC5987DDA}.Debug|Any CPU.Build.0 = Debug|Any CPU
		{82B0CF52-F019-419F-88B8-801DC5987DDA}.Release|Any CPU.ActiveCfg = Release|Any CPU
		{82B0CF52-F019-419F-88B8-801DC5987DDA}.Release|Any CPU.Build.0 = Release|Any CPU
		{F196E08E-8921-4421-9213-1D2136B5686F}.Debug|Any CPU.ActiveCfg = Debug|Any CPU
		{F196E08E-8921-4421-9213-1D2136B5686F}.Debug|Any CPU.Build.0 = Debug|Any CPU
		{F196E08E-8921-4421-9213-1D2136B5686F}.Release|Any CPU.ActiveCfg = Release|Any CPU
		{F196E08E-8921-4421-9213-1D2136B5686F}.Release|Any CPU.Build.0 = Release|Any CPU
	EndGlobalSection
EndGlobal
